
Microsoft Visual Studio Solution File, Format Version 12.00
# Visual Studio 15
Project("{FAE04EC0-301F-11D3-BF4B-00C04F79EFBC}") = "Assembly-CSharp", "Assembly-CSharp.csproj", "{AEC8B51E-A3F7-9107-1A78-59F4EC1B2382}"
EndProject
Project("{FAE04EC0-301F-11D3-BF4B-00C04F79EFBC}") = "ParrelSync", "ParrelSync.csproj", "{69DDB10F-BBD8-E24A-0E1F-997E2BA04B21}"
EndProject
Project("{FAE04EC0-301F-11D3-BF4B-00C04F79EFBC}") = "Assembly-CSharp-Editor", "Assembly-CSharp-Editor.csproj", "{999429B9-2BDB-590D-6219-DBF61B57E77E}"
EndProject
Global
	GlobalSection(SolutionConfigurationPlatforms) = preSolution
		Debug|Any CPU = Debug|Any CPU
		Release|Any CPU = Release|Any CPU
	EndGlobalSection
	GlobalSection(ProjectConfigurationPlatforms) = postSolution
		{AEC8B51E-A3F7-9107-1A78-59F4EC1B2382}.Debug|Any CPU.ActiveCfg = Debug|Any CPU
		{AEC8B51E-A3F7-9107-1A78-59F4EC1B2382}.Debug|Any CPU.Build.0 = Debug|Any CPU
		{AEC8B51E-A3F7-9107-1A78-59F4EC1B2382}.Release|Any CPU.ActiveCfg = Release|Any CPU
		{AEC8B51E-A3F7-9107-1A78-59F4EC1B2382}.Release|Any CPU.Build.0 = Release|Any CPU
		{69DDB10F-BBD8-E24A-0E1F-997E2BA04B21}.Debug|Any CPU.ActiveCfg = Debug|Any CPU
		{69DDB10F-BBD8-E24A-0E1F-997E2BA04B21}.Debug|Any CPU.Build.0 = Debug|Any CPU
		{69DDB10F-BBD8-E24A-0E1F-997E2BA04B21}.Release|Any CPU.ActiveCfg = Release|Any CPU
		{69DDB10F-BBD8-E24A-0E1F-997E2BA04B21}.Release|Any CPU.Build.0 = Release|Any CPU
		{999429B9-2BDB-590D-6219-DBF61B57E77E}.Debug|Any CPU.ActiveCfg = Debug|Any CPU
		{999429B9-2BDB-590D-6219-DBF61B57E77E}.Debug|Any CPU.Build.0 = Debug|Any CPU
		{999429B9-2BDB-590D-6219-DBF61B57E77E}.Release|Any CPU.ActiveCfg = Release|Any CPU
		{999429B9-2BDB-590D-6219-DBF61B57E77E}.Release|Any CPU.Build.0 = Release|Any CPU
	EndGlobalSection
	GlobalSection(SolutionProperties) = preSolution
		HideSolutionNode = FALSE
	EndGlobalSection
EndGlobal
